// !$*UTF8*$!
{
	archiveVersion = 1;
	classes = {
	};
	objectVersion = 46;
	objects = {

/* Begin PBXBuildFile section */
		0ADAAA86393B3DEF9FF4679F /* libPods-MZSelectorView.a in Frameworks */ = {isa = PBXBuildFile; fileRef = B4070D57412E3024C622CBD2 /* libPods-MZSelectorView.a */; };
		21075F441E89974000ECA251 /* MZSelectorViewReusableViewItemHandler.m in Sources */ = {isa = PBXBuildFile; fileRef = 21075F431E89974000ECA251 /* MZSelectorViewReusableViewItemHandler.m */; };
		21111FFD1E81C96900E7DC29 /* main.m in Sources */ = {isa = PBXBuildFile; fileRef = 21111FFC1E81C96900E7DC29 /* main.m */; };
		211120001E81C96900E7DC29 /* AppDelegate.m in Sources */ = {isa = PBXBuildFile; fileRef = 21111FFF1E81C96900E7DC29 /* AppDelegate.m */; };
		211120061E81C96900E7DC29 /* Main.storyboard in Resources */ = {isa = PBXBuildFile; fileRef = 211120041E81C96900E7DC29 /* Main.storyboard */; };
		211120081E81C96900E7DC29 /* Assets.xcassets in Resources */ = {isa = PBXBuildFile; fileRef = 211120071E81C96900E7DC29 /* Assets.xcassets */; };
		2111200B1E81C96900E7DC29 /* LaunchScreen.storyboard in Resources */ = {isa = PBXBuildFile; fileRef = 211120091E81C96900E7DC29 /* LaunchScreen.storyboard */; };
		211120161E81C96900E7DC29 /* MZSelectorViewTests.m in Sources */ = {isa = PBXBuildFile; fileRef = 211120151E81C96900E7DC29 /* MZSelectorViewTests.m */; };
		211120211E81C96900E7DC29 /* MZSelectorViewUITests.m in Sources */ = {isa = PBXBuildFile; fileRef = 211120201E81C96900E7DC29 /* MZSelectorViewUITests.m */; };
		211120301E81CA8800E7DC29 /* MZSelectorViewController.m in Sources */ = {isa = PBXBuildFile; fileRef = 2111202F1E81CA8800E7DC29 /* MZSelectorViewController.m */; };
		211120361E81CACD00E7DC29 /* CALayer+Anchor.m in Sources */ = {isa = PBXBuildFile; fileRef = 211120331E81CACD00E7DC29 /* CALayer+Anchor.m */; };
		211120371E81CACD00E7DC29 /* UIView+UserInteraction.m in Sources */ = {isa = PBXBuildFile; fileRef = 211120351E81CACD00E7DC29 /* UIView+UserInteraction.m */; };
		2111203E1E81CADC00E7DC29 /* MZScrollInfo.m in Sources */ = {isa = PBXBuildFile; fileRef = 2111203A1E81CADC00E7DC29 /* MZScrollInfo.m */; };
		2111203F1E81CADC00E7DC29 /* MZSelectorView.m in Sources */ = {isa = PBXBuildFile; fileRef = 2111203D1E81CADC00E7DC29 /* MZSelectorView.m */; };
		211120441E81CAE900E7DC29 /* MZSelectorViewItem.m in Sources */ = {isa = PBXBuildFile; fileRef = 211120431E81CAE900E7DC29 /* MZSelectorViewItem.m */; };
		211120531E85DE7000E7DC29 /* MZSelectorViewActivationHandler.m in Sources */ = {isa = PBXBuildFile; fileRef = 211120501E85DE7000E7DC29 /* MZSelectorViewActivationHandler.m */; };
		211120541E85DE7000E7DC29 /* MZSelectorViewDefaultHandler.m in Sources */ = {isa = PBXBuildFile; fileRef = 211120521E85DE7000E7DC29 /* MZSelectorViewDefaultHandler.m */; };
		211120581E87BA3F00E7DC29 /* MZSelectorViewHandlerController.m in Sources */ = {isa = PBXBuildFile; fileRef = 211120561E87BA3F00E7DC29 /* MZSelectorViewHandlerController.m */; };
		213C17A71E8EE7AF00C92275 /* MZSelectorItem.m in Sources */ = {isa = PBXBuildFile; fileRef = 213C17A61E8EE7AF00C92275 /* MZSelectorItem.m */; };
/* End PBXBuildFile section */

/* Begin PBXContainerItemProxy section */
		211120121E81C96900E7DC29 /* PBXContainerItemProxy */ = {
			isa = PBXContainerItemProxy;
			containerPortal = 21111FF01E81C96800E7DC29 /* Project object */;
			proxyType = 1;
			remoteGlobalIDString = 21111FF71E81C96800E7DC29;
			remoteInfo = MZSelectorView;
		};
		2111201D1E81C96900E7DC29 /* PBXContainerItemProxy */ = {
			isa = PBXContainerItemProxy;
			containerPortal = 21111FF01E81C96800E7DC29 /* Project object */;
			proxyType = 1;
			remoteGlobalIDString = 21111FF71E81C96800E7DC29;
			remoteInfo = MZSelectorView;
		};
/* End PBXContainerItemProxy section */

/* Begin PBXFileReference section */
		21075F421E89974000ECA251 /* MZSelectorViewReusableViewItemHandler.h */ = {isa = PBXFileReference; fileEncoding = 4; lastKnownFileType = sourcecode.c.h; name = MZSelectorViewReusableViewItemHandler.h; path = Selector/Support/MZSelectorViewReusableViewItemHandler.h; sourceTree = "<group>"; };
		21075F431E89974000ECA251 /* MZSelectorViewReusableViewItemHandler.m */ = {isa = PBXFileReference; fileEncoding = 4; lastKnownFileType = sourcecode.c.objc; name = MZSelectorViewReusableViewItemHandler.m; path = Selector/Support/MZSelectorViewReusableViewItemHandler.m; sourceTree = "<group>"; };
		21111FF81E81C96900E7DC29 /* MZSelectorView.app */ = {isa = PBXFileReference; explicitFileType = wrapper.application; includeInIndex = 0; path = MZSelectorView.app; sourceTree = BUILT_PRODUCTS_DIR; };
		21111FFC1E81C96900E7DC29 /* main.m */ = {isa = PBXFileReference; lastKnownFileType = sourcecode.c.objc; path = main.m; sourceTree = "<group>"; };
		21111FFE1E81C96900E7DC29 /* AppDelegate.h */ = {isa = PBXFileReference; lastKnownFileType = sourcecode.c.h; path = AppDelegate.h; sourceTree = "<group>"; };
		21111FFF1E81C96900E7DC29 /* AppDelegate.m */ = {isa = PBXFileReference; lastKnownFileType = sourcecode.c.objc; path = AppDelegate.m; sourceTree = "<group>"; };
		211120051E81C96900E7DC29 /* Base */ = {isa = PBXFileReference; lastKnownFileType = file.storyboard; name = Base; path = Base.lproj/Main.storyboard; sourceTree = "<group>"; };
		211120071E81C96900E7DC29 /* Assets.xcassets */ = {isa = PBXFileReference; lastKnownFileType = folder.assetcatalog; path = Assets.xcassets; sourceTree = "<group>"; };
		2111200A1E81C96900E7DC29 /* Base */ = {isa = PBXFileReference; lastKnownFileType = file.storyboard; name = Base; path = Base.lproj/LaunchScreen.storyboard; sourceTree = "<group>"; };
		2111200C1E81C96900E7DC29 /* Info.plist */ = {isa = PBXFileReference; lastKnownFileType = text.plist.xml; path = Info.plist; sourceTree = "<group>"; };
		211120111E81C96900E7DC29 /* MZSelectorViewTests.xctest */ = {isa = PBXFileReference; explicitFileType = wrapper.cfbundle; includeInIndex = 0; path = MZSelectorViewTests.xctest; sourceTree = BUILT_PRODUCTS_DIR; };
		211120151E81C96900E7DC29 /* MZSelectorViewTests.m */ = {isa = PBXFileReference; lastKnownFileType = sourcecode.c.objc; path = MZSelectorViewTests.m; sourceTree = "<group>"; };
		211120171E81C96900E7DC29 /* Info.plist */ = {isa = PBXFileReference; lastKnownFileType = text.plist.xml; path = Info.plist; sourceTree = "<group>"; };
		2111201C1E81C96900E7DC29 /* MZSelectorViewUITests.xctest */ = {isa = PBXFileReference; explicitFileType = wrapper.cfbundle; includeInIndex = 0; path = MZSelectorViewUITests.xctest; sourceTree = BUILT_PRODUCTS_DIR; };
		211120201E81C96900E7DC29 /* MZSelectorViewUITests.m */ = {isa = PBXFileReference; lastKnownFileType = sourcecode.c.objc; path = MZSelectorViewUITests.m; sourceTree = "<group>"; };
		211120221E81C96900E7DC29 /* Info.plist */ = {isa = PBXFileReference; lastKnownFileType = text.plist.xml; path = Info.plist; sourceTree = "<group>"; };
		2111202E1E81CA8800E7DC29 /* MZSelectorViewController.h */ = {isa = PBXFileReference; fileEncoding = 4; lastKnownFileType = sourcecode.c.h; path = MZSelectorViewController.h; sourceTree = "<group>"; };
		2111202F1E81CA8800E7DC29 /* MZSelectorViewController.m */ = {isa = PBXFileReference; fileEncoding = 4; lastKnownFileType = sourcecode.c.objc; path = MZSelectorViewController.m; sourceTree = "<group>"; };
		211120321E81CACD00E7DC29 /* CALayer+Anchor.h */ = {isa = PBXFileReference; fileEncoding = 4; lastKnownFileType = sourcecode.c.h; name = "CALayer+Anchor.h"; path = "Support/CALayer+Anchor.h"; sourceTree = "<group>"; };
		211120331E81CACD00E7DC29 /* CALayer+Anchor.m */ = {isa = PBXFileReference; fileEncoding = 4; lastKnownFileType = sourcecode.c.objc; name = "CALayer+Anchor.m"; path = "Support/CALayer+Anchor.m"; sourceTree = "<group>"; };
		211120341E81CACD00E7DC29 /* UIView+UserInteraction.h */ = {isa = PBXFileReference; fileEncoding = 4; lastKnownFileType = sourcecode.c.h; name = "UIView+UserInteraction.h"; path = "Support/UIView+UserInteraction.h"; sourceTree = "<group>"; };
		211120351E81CACD00E7DC29 /* UIView+UserInteraction.m */ = {isa = PBXFileReference; fileEncoding = 4; lastKnownFileType = sourcecode.c.objc; name = "UIView+UserInteraction.m"; path = "Support/UIView+UserInteraction.m"; sourceTree = "<group>"; };
		211120391E81CADC00E7DC29 /* MZScrollInfo.h */ = {isa = PBXFileReference; fileEncoding = 4; lastKnownFileType = sourcecode.c.h; name = MZScrollInfo.h; path = Selector/MZScrollInfo.h; sourceTree = "<group>"; };
		2111203A1E81CADC00E7DC29 /* MZScrollInfo.m */ = {isa = PBXFileReference; fileEncoding = 4; lastKnownFileType = sourcecode.c.objc; name = MZScrollInfo.m; path = Selector/MZScrollInfo.m; sourceTree = "<group>"; };
		2111203B1E81CADC00E7DC29 /* MZSelectorView_p.h */ = {isa = PBXFileReference; fileEncoding = 4; lastKnownFileType = sourcecode.c.h; name = MZSelectorView_p.h; path = Selector/MZSelectorView_p.h; sourceTree = "<group>"; };
		2111203C1E81CADC00E7DC29 /* MZSelectorView.h */ = {isa = PBXFileReference; fileEncoding = 4; lastKnownFileType = sourcecode.c.h; name = MZSelectorView.h; path = Selector/MZSelectorView.h; sourceTree = "<group>"; };
		2111203D1E81CADC00E7DC29 /* MZSelectorView.m */ = {isa = PBXFileReference; fileEncoding = 4; lastKnownFileType = sourcecode.c.objc; name = MZSelectorView.m; path = Selector/MZSelectorView.m; sourceTree = "<group>"; };
		211120411E81CAE900E7DC29 /* MZSelectorViewItem_p.h */ = {isa = PBXFileReference; fileEncoding = 4; lastKnownFileType = sourcecode.c.h; name = MZSelectorViewItem_p.h; path = Item/MZSelectorViewItem_p.h; sourceTree = "<group>"; };
		211120421E81CAE900E7DC29 /* MZSelectorViewItem.h */ = {isa = PBXFileReference; fileEncoding = 4; lastKnownFileType = sourcecode.c.h; name = MZSelectorViewItem.h; path = Item/MZSelectorViewItem.h; sourceTree = "<group>"; };
		211120431E81CAE900E7DC29 /* MZSelectorViewItem.m */ = {isa = PBXFileReference; fileEncoding = 4; lastKnownFileType = sourcecode.c.objc; name = MZSelectorViewItem.m; path = Item/MZSelectorViewItem.m; sourceTree = "<group>"; };
		2111204F1E85DE7000E7DC29 /* MZSelectorViewActivationHandler.h */ = {isa = PBXFileReference; fileEncoding = 4; lastKnownFileType = sourcecode.c.h; name = MZSelectorViewActivationHandler.h; path = Selector/Handlers/MZSelectorViewActivationHandler.h; sourceTree = "<group>"; };
		211120501E85DE7000E7DC29 /* MZSelectorViewActivationHandler.m */ = {isa = PBXFileReference; fileEncoding = 4; lastKnownFileType = sourcecode.c.objc; name = MZSelectorViewActivationHandler.m; path = Selector/Handlers/MZSelectorViewActivationHandler.m; sourceTree = "<group>"; };
		211120511E85DE7000E7DC29 /* MZSelectorViewDefaultHandler.h */ = {isa = PBXFileReference; fileEncoding = 4; lastKnownFileType = sourcecode.c.h; name = MZSelectorViewDefaultHandler.h; path = Selector/Handlers/MZSelectorViewDefaultHandler.h; sourceTree = "<group>"; };
		211120521E85DE7000E7DC29 /* MZSelectorViewDefaultHandler.m */ = {isa = PBXFileReference; fileEncoding = 4; lastKnownFileType = sourcecode.c.objc; name = MZSelectorViewDefaultHandler.m; path = Selector/Handlers/MZSelectorViewDefaultHandler.m; sourceTree = "<group>"; };
		211120551E85E82100E7DC29 /* MZSelectorViewHandlers.h */ = {isa = PBXFileReference; lastKnownFileType = sourcecode.c.h; name = MZSelectorViewHandlers.h; path = Selector/Handlers/MZSelectorViewHandlers.h; sourceTree = "<group>"; };
		211120561E87BA3F00E7DC29 /* MZSelectorViewHandlerController.m */ = {isa = PBXFileReference; fileEncoding = 4; lastKnownFileType = sourcecode.c.objc; name = MZSelectorViewHandlerController.m; path = Selector/Handlers/MZSelectorViewHandlerController.m; sourceTree = "<group>"; };
		211120571E87BA3F00E7DC29 /* MZSelectorViewHandlerController.h */ = {isa = PBXFileReference; fileEncoding = 4; lastKnownFileType = sourcecode.c.h; name = MZSelectorViewHandlerController.h; path = Selector/Handlers/MZSelectorViewHandlerController.h; sourceTree = "<group>"; };
		213C17A51E8EE7AF00C92275 /* MZSelectorItem.h */ = {isa = PBXFileReference; fileEncoding = 4; lastKnownFileType = sourcecode.c.h; name = MZSelectorItem.h; path = Item/MZSelectorItem.h; sourceTree = "<group>"; };
		213C17A61E8EE7AF00C92275 /* MZSelectorItem.m */ = {isa = PBXFileReference; fileEncoding = 4; lastKnownFileType = sourcecode.c.objc; name = MZSelectorItem.m; path = Item/MZSelectorItem.m; sourceTree = "<group>"; };
		3E3A25A0D859CDF0BE669028 /* Pods-MZSelectorView.debug.xcconfig */ = {isa = PBXFileReference; includeInIndex = 1; lastKnownFileType = text.xcconfig; name = "Pods-MZSelectorView.debug.xcconfig"; path = "Pods/Target Support Files/Pods-MZSelectorView/Pods-MZSelectorView.debug.xcconfig"; sourceTree = "<group>"; };
		B4070D57412E3024C622CBD2 /* libPods-MZSelectorView.a */ = {isa = PBXFileReference; explicitFileType = archive.ar; includeInIndex = 0; path = "libPods-MZSelectorView.a"; sourceTree = BUILT_PRODUCTS_DIR; };
		CBE24617E00AA956B8E88BD9 /* Pods-MZSelectorView.release.xcconfig */ = {isa = PBXFileReference; includeInIndex = 1; lastKnownFileType = text.xcconfig; name = "Pods-MZSelectorView.release.xcconfig"; path = "Pods/Target Support Files/Pods-MZSelectorView/Pods-MZSelectorView.release.xcconfig"; sourceTree = "<group>"; };
/* End PBXFileReference section */

/* Begin PBXFrameworksBuildPhase section */
		21111FF51E81C96800E7DC29 /* Frameworks */ = {
			isa = PBXFrameworksBuildPhase;
			buildActionMask = 2147483647;
			files = (
				0ADAAA86393B3DEF9FF4679F /* libPods-MZSelectorView.a in Frameworks */,
			);
			runOnlyForDeploymentPostprocessing = 0;
		};
		2111200E1E81C96900E7DC29 /* Frameworks */ = {
			isa = PBXFrameworksBuildPhase;
			buildActionMask = 2147483647;
			files = (
			);
			runOnlyForDeploymentPostprocessing = 0;
		};
		211120191E81C96900E7DC29 /* Frameworks */ = {
			isa = PBXFrameworksBuildPhase;
			buildActionMask = 2147483647;
			files = (
			);
			runOnlyForDeploymentPostprocessing = 0;
		};
/* End PBXFrameworksBuildPhase section */

/* Begin PBXGroup section */
		21075F411E8996F200ECA251 /* Support */ = {
			isa = PBXGroup;
			children = (
				21075F421E89974000ECA251 /* MZSelectorViewReusableViewItemHandler.h */,
				21075F431E89974000ECA251 /* MZSelectorViewReusableViewItemHandler.m */,
			);
			name = Support;
			sourceTree = "<group>";
		};
		21111FEF1E81C96800E7DC29 = {
			isa = PBXGroup;
			children = (
				21111FFA1E81C96900E7DC29 /* MZSelectorView */,
				211120141E81C96900E7DC29 /* MZSelectorViewTests */,
				2111201F1E81C96900E7DC29 /* MZSelectorViewUITests */,
				21111FF91E81C96900E7DC29 /* Products */,
				F682A2D169AB3598D57237C1 /* Pods */,
				3DE98542DAC0A7DC635BC2E5 /* Frameworks */,
			);
			sourceTree = "<group>";
		};
		21111FF91E81C96900E7DC29 /* Products */ = {
			isa = PBXGroup;
			children = (
				21111FF81E81C96900E7DC29 /* MZSelectorView.app */,
				211120111E81C96900E7DC29 /* MZSelectorViewTests.xctest */,
				2111201C1E81C96900E7DC29 /* MZSelectorViewUITests.xctest */,
			);
			name = Products;
			sourceTree = "<group>";
		};
		21111FFA1E81C96900E7DC29 /* MZSelectorView */ = {
			isa = PBXGroup;
			children = (
				211120311E81CAC100E7DC29 /* Support */,
				211120381E81CAD200E7DC29 /* Selector */,
				211120401E81CADF00E7DC29 /* Item */,
				21111FFE1E81C96900E7DC29 /* AppDelegate.h */,
				21111FFF1E81C96900E7DC29 /* AppDelegate.m */,
				2111202E1E81CA8800E7DC29 /* MZSelectorViewController.h */,
				2111202F1E81CA8800E7DC29 /* MZSelectorViewController.m */,
				211120041E81C96900E7DC29 /* Main.storyboard */,
				211120071E81C96900E7DC29 /* Assets.xcassets */,
				211120091E81C96900E7DC29 /* LaunchScreen.storyboard */,
				2111200C1E81C96900E7DC29 /* Info.plist */,
				21111FFB1E81C96900E7DC29 /* Supporting Files */,
			);
			path = MZSelectorView;
			sourceTree = "<group>";
		};
		21111FFB1E81C96900E7DC29 /* Supporting Files */ = {
			isa = PBXGroup;
			children = (
				21111FFC1E81C96900E7DC29 /* main.m */,
			);
			name = "Supporting Files";
			sourceTree = "<group>";
		};
		211120141E81C96900E7DC29 /* MZSelectorViewTests */ = {
			isa = PBXGroup;
			children = (
				211120151E81C96900E7DC29 /* MZSelectorViewTests.m */,
				211120171E81C96900E7DC29 /* Info.plist */,
			);
			path = MZSelectorViewTests;
			sourceTree = "<group>";
		};
		2111201F1E81C96900E7DC29 /* MZSelectorViewUITests */ = {
			isa = PBXGroup;
			children = (
				211120201E81C96900E7DC29 /* MZSelectorViewUITests.m */,
				211120221E81C96900E7DC29 /* Info.plist */,
			);
			path = MZSelectorViewUITests;
			sourceTree = "<group>";
		};
		211120311E81CAC100E7DC29 /* Support */ = {
			isa = PBXGroup;
			children = (
				211120321E81CACD00E7DC29 /* CALayer+Anchor.h */,
				211120331E81CACD00E7DC29 /* CALayer+Anchor.m */,
				211120341E81CACD00E7DC29 /* UIView+UserInteraction.h */,
				211120351E81CACD00E7DC29 /* UIView+UserInteraction.m */,
			);
			name = Support;
			sourceTree = "<group>";
		};
		211120381E81CAD200E7DC29 /* Selector */ = {
			isa = PBXGroup;
			children = (
				21075F411E8996F200ECA251 /* Support */,
				2111204E1E85DB0300E7DC29 /* Handlers */,
				211120391E81CADC00E7DC29 /* MZScrollInfo.h */,
				2111203A1E81CADC00E7DC29 /* MZScrollInfo.m */,
				2111203B1E81CADC00E7DC29 /* MZSelectorView_p.h */,
				2111203C1E81CADC00E7DC29 /* MZSelectorView.h */,
				2111203D1E81CADC00E7DC29 /* MZSelectorView.m */,
			);
			name = Selector;
			sourceTree = "<group>";
		};
		211120401E81CADF00E7DC29 /* Item */ = {
			isa = PBXGroup;
			children = (
				213C17A51E8EE7AF00C92275 /* MZSelectorItem.h */,
				213C17A61E8EE7AF00C92275 /* MZSelectorItem.m */,
				211120411E81CAE900E7DC29 /* MZSelectorViewItem_p.h */,
				211120421E81CAE900E7DC29 /* MZSelectorViewItem.h */,
				211120431E81CAE900E7DC29 /* MZSelectorViewItem.m */,
			);
			name = Item;
			sourceTree = "<group>";
		};
		2111204E1E85DB0300E7DC29 /* Handlers */ = {
			isa = PBXGroup;
			children = (
				211120571E87BA3F00E7DC29 /* MZSelectorViewHandlerController.h */,
				211120561E87BA3F00E7DC29 /* MZSelectorViewHandlerController.m */,
				211120551E85E82100E7DC29 /* MZSelectorViewHandlers.h */,
				211120511E85DE7000E7DC29 /* MZSelectorViewDefaultHandler.h */,
				211120521E85DE7000E7DC29 /* MZSelectorViewDefaultHandler.m */,
				2111204F1E85DE7000E7DC29 /* MZSelectorViewActivationHandler.h */,
				211120501E85DE7000E7DC29 /* MZSelectorViewActivationHandler.m */,
			);
			name = Handlers;
			sourceTree = "<group>";
		};
		3DE98542DAC0A7DC635BC2E5 /* Frameworks */ = {
			isa = PBXGroup;
			children = (
				B4070D57412E3024C622CBD2 /* libPods-MZSelectorView.a */,
			);
			name = Frameworks;
			sourceTree = "<group>";
		};
		F682A2D169AB3598D57237C1 /* Pods */ = {
			isa = PBXGroup;
			children = (
				3E3A25A0D859CDF0BE669028 /* Pods-MZSelectorView.debug.xcconfig */,
				CBE24617E00AA956B8E88BD9 /* Pods-MZSelectorView.release.xcconfig */,
			);
			name = Pods;
			sourceTree = "<group>";
		};
/* End PBXGroup section */

/* Begin PBXNativeTarget section */
		21111FF71E81C96800E7DC29 /* MZSelectorView */ = {
			isa = PBXNativeTarget;
			buildConfigurationList = 211120251E81C96900E7DC29 /* Build configuration list for PBXNativeTarget "MZSelectorView" */;
			buildPhases = (
				30FD7E9E94E641BB4ACF36B8 /* 📦 Check Pods Manifest.lock */,
				21111FF41E81C96800E7DC29 /* Sources */,
				21111FF51E81C96800E7DC29 /* Frameworks */,
				21111FF61E81C96800E7DC29 /* Resources */,
				498C078BA9B8C6AB1020A609 /* 📦 Embed Pods Frameworks */,
				42F63A92EF6FD85938088B91 /* 📦 Copy Pods Resources */,
			);
			buildRules = (
			);
			dependencies = (
			);
			name = MZSelectorView;
			productName = MZSelectorView;
			productReference = 21111FF81E81C96900E7DC29 /* MZSelectorView.app */;
			productType = "com.apple.product-type.application";
		};
		211120101E81C96900E7DC29 /* MZSelectorViewTests */ = {
			isa = PBXNativeTarget;
			buildConfigurationList = 211120281E81C96900E7DC29 /* Build configuration list for PBXNativeTarget "MZSelectorViewTests" */;
			buildPhases = (
				2111200D1E81C96900E7DC29 /* Sources */,
				2111200E1E81C96900E7DC29 /* Frameworks */,
				2111200F1E81C96900E7DC29 /* Resources */,
			);
			buildRules = (
			);
			dependencies = (
				211120131E81C96900E7DC29 /* PBXTargetDependency */,
			);
			name = MZSelectorViewTests;
			productName = MZSelectorViewTests;
			productReference = 211120111E81C96900E7DC29 /* MZSelectorViewTests.xctest */;
			productType = "com.apple.product-type.bundle.unit-test";
		};
		2111201B1E81C96900E7DC29 /* MZSelectorViewUITests */ = {
			isa = PBXNativeTarget;
			buildConfigurationList = 2111202B1E81C96900E7DC29 /* Build configuration list for PBXNativeTarget "MZSelectorViewUITests" */;
			buildPhases = (
				211120181E81C96900E7DC29 /* Sources */,
				211120191E81C96900E7DC29 /* Frameworks */,
				2111201A1E81C96900E7DC29 /* Resources */,
			);
			buildRules = (
			);
			dependencies = (
				2111201E1E81C96900E7DC29 /* PBXTargetDependency */,
			);
			name = MZSelectorViewUITests;
			productName = MZSelectorViewUITests;
			productReference = 2111201C1E81C96900E7DC29 /* MZSelectorViewUITests.xctest */;
			productType = "com.apple.product-type.bundle.ui-testing";
		};
/* End PBXNativeTarget section */

/* Begin PBXProject section */
		21111FF01E81C96800E7DC29 /* Project object */ = {
			isa = PBXProject;
			attributes = {
				LastUpgradeCheck = 0820;
				ORGANIZATIONNAME = "Mészáros Zoltán";
				TargetAttributes = {
					21111FF71E81C96800E7DC29 = {
						CreatedOnToolsVersion = 8.2.1;
						DevelopmentTeam = R96VZHJ56V;
						ProvisioningStyle = Automatic;
					};
					211120101E81C96900E7DC29 = {
						CreatedOnToolsVersion = 8.2.1;
						DevelopmentTeam = R96VZHJ56V;
						ProvisioningStyle = Automatic;
						TestTargetID = 21111FF71E81C96800E7DC29;
					};
					2111201B1E81C96900E7DC29 = {
						CreatedOnToolsVersion = 8.2.1;
						DevelopmentTeam = R96VZHJ56V;
						ProvisioningStyle = Automatic;
						TestTargetID = 21111FF71E81C96800E7DC29;
					};
				};
			};
			buildConfigurationList = 21111FF31E81C96800E7DC29 /* Build configuration list for PBXProject "MZSelectorView" */;
			compatibilityVersion = "Xcode 3.2";
			developmentRegion = English;
			hasScannedForEncodings = 0;
			knownRegions = (
				en,
				Base,
			);
			mainGroup = 21111FEF1E81C96800E7DC29;
			productRefGroup = 21111FF91E81C96900E7DC29 /* Products */;
			projectDirPath = "";
			projectRoot = "";
			targets = (
				21111FF71E81C96800E7DC29 /* MZSelectorView */,
				211120101E81C96900E7DC29 /* MZSelectorViewTests */,
				2111201B1E81C96900E7DC29 /* MZSelectorViewUITests */,
			);
		};
/* End PBXProject section */

/* Begin PBXResourcesBuildPhase section */
		21111FF61E81C96800E7DC29 /* Resources */ = {
			isa = PBXResourcesBuildPhase;
			buildActionMask = 2147483647;
			files = (
				2111200B1E81C96900E7DC29 /* LaunchScreen.storyboard in Resources */,
				211120081E81C96900E7DC29 /* Assets.xcassets in Resources */,
				211120061E81C96900E7DC29 /* Main.storyboard in Resources */,
			);
			runOnlyForDeploymentPostprocessing = 0;
		};
		2111200F1E81C96900E7DC29 /* Resources */ = {
			isa = PBXResourcesBuildPhase;
			buildActionMask = 2147483647;
			files = (
			);
			runOnlyForDeploymentPostprocessing = 0;
		};
		2111201A1E81C96900E7DC29 /* Resources */ = {
			isa = PBXResourcesBuildPhase;
			buildActionMask = 2147483647;
			files = (
			);
			runOnlyForDeploymentPostprocessing = 0;
		};
/* End PBXResourcesBuildPhase section */

/* Begin PBXShellScriptBuildPhase section */
		30FD7E9E94E641BB4ACF36B8 /* 📦 Check Pods Manifest.lock */ = {
			isa = PBXShellScriptBuildPhase;
			buildActionMask = 2147483647;
			files = (
			);
			inputPaths = (
			);
			name = "📦 Check Pods Manifest.lock";
			outputPaths = (
			);
			runOnlyForDeploymentPostprocessing = 0;
			shellPath = /bin/sh;
			shellScript = "diff \"${PODS_ROOT}/../Podfile.lock\" \"${PODS_ROOT}/Manifest.lock\" > /dev/null\nif [[ $? != 0 ]] ; then\n    cat << EOM\nerror: The sandbox is not in sync with the Podfile.lock. Run 'pod install' or update your CocoaPods installation.\nEOM\n    exit 1\nfi\n";
			showEnvVarsInLog = 0;
		};
		42F63A92EF6FD85938088B91 /* 📦 Copy Pods Resources */ = {
			isa = PBXShellScriptBuildPhase;
			buildActionMask = 2147483647;
			files = (
			);
			inputPaths = (
			);
			name = "📦 Copy Pods Resources";
			outputPaths = (
			);
			runOnlyForDeploymentPostprocessing = 0;
			shellPath = /bin/sh;
			shellScript = "\"${SRCROOT}/Pods/Target Support Files/Pods-MZSelectorView/Pods-MZSelectorView-resources.sh\"\n";
			showEnvVarsInLog = 0;
		};
		498C078BA9B8C6AB1020A609 /* 📦 Embed Pods Frameworks */ = {
			isa = PBXShellScriptBuildPhase;
			buildActionMask = 2147483647;
			files = (
			);
			inputPaths = (
			);
			name = "📦 Embed Pods Frameworks";
			outputPaths = (
			);
			runOnlyForDeploymentPostprocessing = 0;
			shellPath = /bin/sh;
			shellScript = "\"${SRCROOT}/Pods/Target Support Files/Pods-MZSelectorView/Pods-MZSelectorView-frameworks.sh\"\n";
			showEnvVarsInLog = 0;
		};
/* End PBXShellScriptBuildPhase section */

/* Begin PBXSourcesBuildPhase section */
		21111FF41E81C96800E7DC29 /* Sources */ = {
			isa = PBXSourcesBuildPhase;
			buildActionMask = 2147483647;
			files = (
				2111203F1E81CADC00E7DC29 /* MZSelectorView.m in Sources */,
				211120441E81CAE900E7DC29 /* MZSelectorViewItem.m in Sources */,
				211120001E81C96900E7DC29 /* AppDelegate.m in Sources */,
				211120541E85DE7000E7DC29 /* MZSelectorViewDefaultHandler.m in Sources */,
				211120301E81CA8800E7DC29 /* MZSelectorViewController.m in Sources */,
				211120361E81CACD00E7DC29 /* CALayer+Anchor.m in Sources */,
				2111203E1E81CADC00E7DC29 /* MZScrollInfo.m in Sources */,
				213C17A71E8EE7AF00C92275 /* MZSelectorItem.m in Sources */,
				211120581E87BA3F00E7DC29 /* MZSelectorViewHandlerController.m in Sources */,
				21075F441E89974000ECA251 /* MZSelectorViewReusableViewItemHandler.m in Sources */,
				21111FFD1E81C96900E7DC29 /* main.m in Sources */,
				211120531E85DE7000E7DC29 /* MZSelectorViewActivationHandler.m in Sources */,
				211120371E81CACD00E7DC29 /* UIView+UserInteraction.m in Sources */,
			);
			runOnlyForDeploymentPostprocessing = 0;
		};
		2111200D1E81C96900E7DC29 /* Sources */ = {
			isa = PBXSourcesBuildPhase;
			buildActionMask = 2147483647;
			files = (
				211120161E81C96900E7DC29 /* MZSelectorViewTests.m in Sources */,
			);
			runOnlyForDeploymentPostprocessing = 0;
		};
		211120181E81C96900E7DC29 /* Sources */ = {
			isa = PBXSourcesBuildPhase;
			buildActionMask = 2147483647;
			files = (
				211120211E81C96900E7DC29 /* MZSelectorViewUITests.m in Sources */,
			);
			runOnlyForDeploymentPostprocessing = 0;
		};
/* End PBXSourcesBuildPhase section */

/* Begin PBXTargetDependency section */
		211120131E81C96900E7DC29 /* PBXTargetDependency */ = {
			isa = PBXTargetDependency;
			target = 21111FF71E81C96800E7DC29 /* MZSelectorView */;
			targetProxy = 211120121E81C96900E7DC29 /* PBXContainerItemProxy */;
		};
		2111201E1E81C96900E7DC29 /* PBXTargetDependency */ = {
			isa = PBXTargetDependency;
			target = 21111FF71E81C96800E7DC29 /* MZSelectorView */;
			targetProxy = 2111201D1E81C96900E7DC29 /* PBXContainerItemProxy */;
		};
/* End PBXTargetDependency section */

/* Begin PBXVariantGroup section */
		211120041E81C96900E7DC29 /* Main.storyboard */ = {
			isa = PBXVariantGroup;
			children = (
				211120051E81C96900E7DC29 /* Base */,
			);
			name = Main.storyboard;
			sourceTree = "<group>";
		};
		211120091E81C96900E7DC29 /* LaunchScreen.storyboard */ = {
			isa = PBXVariantGroup;
			children = (
				2111200A1E81C96900E7DC29 /* Base */,
			);
			name = LaunchScreen.storyboard;
			sourceTree = "<group>";
		};
/* End PBXVariantGroup section */

/* Begin XCBuildConfiguration section */
		211120231E81C96900E7DC29 /* Debug */ = {
			isa = XCBuildConfiguration;
			buildSettings = {
				ALWAYS_SEARCH_USER_PATHS = NO;
				CLANG_ANALYZER_NONNULL = YES;
				CLANG_CXX_LANGUAGE_STANDARD = "gnu++0x";
				CLANG_CXX_LIBRARY = "libc++";
				CLANG_ENABLE_MODULES = YES;
				CLANG_ENABLE_OBJC_ARC = YES;
				CLANG_WARN_BOOL_CONVERSION = YES;
				CLANG_WARN_CONSTANT_CONVERSION = YES;
				CLANG_WARN_DIRECT_OBJC_ISA_USAGE = YES_ERROR;
				CLANG_WARN_DOCUMENTATION_COMMENTS = YES;
				CLANG_WARN_EMPTY_BODY = YES;
				CLANG_WARN_ENUM_CONVERSION = YES;
				CLANG_WARN_INFINITE_RECURSION = YES;
				CLANG_WARN_INT_CONVERSION = YES;
				CLANG_WARN_OBJC_ROOT_CLASS = YES_ERROR;
				CLANG_WARN_SUSPICIOUS_MOVE = YES;
				CLANG_WARN_UNREACHABLE_CODE = YES;
				CLANG_WARN__DUPLICATE_METHOD_MATCH = YES;
				"CODE_SIGN_IDENTITY[sdk=iphoneos*]" = "iPhone Developer";
				COPY_PHASE_STRIP = NO;
				DEBUG_INFORMATION_FORMAT = dwarf;
				ENABLE_STRICT_OBJC_MSGSEND = YES;
				ENABLE_TESTABILITY = YES;
				GCC_C_LANGUAGE_STANDARD = gnu99;
				GCC_DYNAMIC_NO_PIC = NO;
				GCC_NO_COMMON_BLOCKS = YES;
				GCC_OPTIMIZATION_LEVEL = 0;
				GCC_PREPROCESSOR_DEFINITIONS = (
					"DEBUG=1",
					"$(inherited)",
				);
				GCC_WARN_64_TO_32_BIT_CONVERSION = YES;
				GCC_WARN_ABOUT_RETURN_TYPE = YES_ERROR;
				GCC_WARN_UNDECLARED_SELECTOR = YES;
				GCC_WARN_UNINITIALIZED_AUTOS = YES_AGGRESSIVE;
				GCC_WARN_UNUSED_FUNCTION = YES;
				GCC_WARN_UNUSED_VARIABLE = YES;
				IPHONEOS_DEPLOYMENT_TARGET = 9.0;
				MTL_ENABLE_DEBUG_INFO = YES;
				ONLY_ACTIVE_ARCH = YES;
				SDKROOT = iphoneos;
				TARGETED_DEVICE_FAMILY = "1,2";
			};
			name = Debug;
		};
		211120241E81C96900E7DC29 /* Release */ = {
			isa = XCBuildConfiguration;
			buildSettings = {
				ALWAYS_SEARCH_USER_PATHS = NO;
				CLANG_ANALYZER_NONNULL = YES;
				CLANG_CXX_LANGUAGE_STANDARD = "gnu++0x";
				CLANG_CXX_LIBRARY = "libc++";
				CLANG_ENABLE_MODULES = YES;
				CLANG_ENABLE_OBJC_ARC = YES;
				CLANG_WARN_BOOL_CONVERSION = YES;
				CLANG_WARN_CONSTANT_CONVERSION = YES;
				CLANG_WARN_DIRECT_OBJC_ISA_USAGE = YES_ERROR;
				CLANG_WARN_DOCUMENTATION_COMMENTS = YES;
				CLANG_WARN_EMPTY_BODY = YES;
				CLANG_WARN_ENUM_CONVERSION = YES;
				CLANG_WARN_INFINITE_RECURSION = YES;
				CLANG_WARN_INT_CONVERSION = YES;
				CLANG_WARN_OBJC_ROOT_CLASS = YES_ERROR;
				CLANG_WARN_SUSPICIOUS_MOVE = YES;
				CLANG_WARN_UNREACHABLE_CODE = YES;
				CLANG_WARN__DUPLICATE_METHOD_MATCH = YES;
				"CODE_SIGN_IDENTITY[sdk=iphoneos*]" = "iPhone Developer";
				COPY_PHASE_STRIP = NO;
				DEBUG_INFORMATION_FORMAT = "dwarf-with-dsym";
				ENABLE_NS_ASSERTIONS = NO;
				ENABLE_STRICT_OBJC_MSGSEND = YES;
				GCC_C_LANGUAGE_STANDARD = gnu99;
				GCC_NO_COMMON_BLOCKS = YES;
				GCC_WARN_64_TO_32_BIT_CONVERSION = YES;
				GCC_WARN_ABOUT_RETURN_TYPE = YES_ERROR;
				GCC_WARN_UNDECLARED_SELECTOR = YES;
				GCC_WARN_UNINITIALIZED_AUTOS = YES_AGGRESSIVE;
				GCC_WARN_UNUSED_FUNCTION = YES;
				GCC_WARN_UNUSED_VARIABLE = YES;
				IPHONEOS_DEPLOYMENT_TARGET = 9.0;
				MTL_ENABLE_DEBUG_INFO = NO;
				SDKROOT = iphoneos;
				TARGETED_DEVICE_FAMILY = "1,2";
				VALIDATE_PRODUCT = YES;
			};
			name = Release;
		};
		211120261E81C96900E7DC29 /* Debug */ = {
			isa = XCBuildConfiguration;
			baseConfigurationReference = 3E3A25A0D859CDF0BE669028 /* Pods-MZSelectorView.debug.xcconfig */;
			buildSettings = {
				ASSETCATALOG_COMPILER_APPICON_NAME = AppIcon;
				DEVELOPMENT_TEAM = R96VZHJ56V;
				INFOPLIST_FILE = MZSelectorView/Info.plist;
				LD_RUNPATH_SEARCH_PATHS = "$(inherited) @executable_path/Frameworks";
				PRODUCT_BUNDLE_IDENTIFIER = com.meszaroz.MZSelectorView;
				PRODUCT_NAME = "$(TARGET_NAME)";
			};
			name = Debug;
		};
		211120271E81C96900E7DC29 /* Release */ = {
			isa = XCBuildConfiguration;
			baseConfigurationReference = CBE24617E00AA956B8E88BD9 /* Pods-MZSelectorView.release.xcconfig */;
			buildSettings = {
				ASSETCATALOG_COMPILER_APPICON_NAME = AppIcon;
				DEVELOPMENT_TEAM = R96VZHJ56V;
				INFOPLIST_FILE = MZSelectorView/Info.plist;
				LD_RUNPATH_SEARCH_PATHS = "$(inherited) @executable_path/Frameworks";
				PRODUCT_BUNDLE_IDENTIFIER = com.meszaroz.MZSelectorView;
				PRODUCT_NAME = "$(TARGET_NAME)";
			};
			name = Release;
		};
		211120291E81C96900E7DC29 /* Debug */ = {
			isa = XCBuildConfiguration;
			buildSettings = {
				BUNDLE_LOADER = "$(TEST_HOST)";
				DEVELOPMENT_TEAM = R96VZHJ56V;
				INFOPLIST_FILE = MZSelectorViewTests/Info.plist;
				LD_RUNPATH_SEARCH_PATHS = "$(inherited) @executable_path/Frameworks @loader_path/Frameworks";
				PRODUCT_BUNDLE_IDENTIFIER = com.meszaroz.MZSelectorViewTests;
				PRODUCT_NAME = "$(TARGET_NAME)";
				TEST_HOST = "$(BUILT_PRODUCTS_DIR)/MZSelectorView.app/MZSelectorView";
			};
			name = Debug;
		};
		2111202A1E81C96900E7DC29 /* Release */ = {
			isa = XCBuildConfiguration;
			buildSettings = {
				BUNDLE_LOADER = "$(TEST_HOST)";
				DEVELOPMENT_TEAM = R96VZHJ56V;
				INFOPLIST_FILE = MZSelectorViewTests/Info.plist;
				LD_RUNPATH_SEARCH_PATHS = "$(inherited) @executable_path/Frameworks @loader_path/Frameworks";
				PRODUCT_BUNDLE_IDENTIFIER = com.meszaroz.MZSelectorViewTests;
				PRODUCT_NAME = "$(TARGET_NAME)";
				TEST_HOST = "$(BUILT_PRODUCTS_DIR)/MZSelectorView.app/MZSelectorView";
			};
			name = Release;
		};
		2111202C1E81C96900E7DC29 /* Debug */ = {
			isa = XCBuildConfiguration;
			buildSettings = {
				DEVELOPMENT_TEAM = R96VZHJ56V;
				INFOPLIST_FILE = MZSelectorViewUITests/Info.plist;
				LD_RUNPATH_SEARCH_PATHS = "$(inherited) @executable_path/Frameworks @loader_path/Frameworks";
				PRODUCT_BUNDLE_IDENTIFIER = com.meszaroz.MZSelectorViewUITests;
				PRODUCT_NAME = "$(TARGET_NAME)";
				TEST_TARGET_NAME = MZSelectorView;
			};
			name = Debug;
		};
		2111202D1E81C96900E7DC29 /* Release */ = {
			isa = XCBuildConfiguration;
			buildSettings = {
				DEVELOPMENT_TEAM = R96VZHJ56V;
				INFOPLIST_FILE = MZSelectorViewUITests/Info.plist;
				LD_RUNPATH_SEARCH_PATHS = "$(inherited) @executable_path/Frameworks @loader_path/Frameworks";
				PRODUCT_BUNDLE_IDENTIFIER = com.meszaroz.MZSelectorViewUITests;
				PRODUCT_NAME = "$(TARGET_NAME)";
				TEST_TARGET_NAME = MZSelectorView;
			};
			name = Release;
		};
/* End XCBuildConfiguration section */

/* Begin XCConfigurationList section */
		21111FF31E81C96800E7DC29 /* Build configuration list for PBXProject "MZSelectorView" */ = {
			isa = XCConfigurationList;
			buildConfigurations = (
				211120231E81C96900E7DC29 /* Debug */,
				211120241E81C96900E7DC29 /* Release */,
			);
			defaultConfigurationIsVisible = 0;
			defaultConfigurationName = Release;
		};
		211120251E81C96900E7DC29 /* Build configuration list for PBXNativeTarget "MZSelectorView" */ = {
			isa = XCConfigurationList;
			buildConfigurations = (
				211120261E81C96900E7DC29 /* Debug */,
				211120271E81C96900E7DC29 /* Release */,
			);
			defaultConfigurationIsVisible = 0;
			defaultConfigurationName = Release;
		};
		211120281E81C96900E7DC29 /* Build configuration list for PBXNativeTarget "MZSelectorViewTests" */ = {
			isa = XCConfigurationList;
			buildConfigurations = (
				211120291E81C96900E7DC29 /* Debug */,
				2111202A1E81C96900E7DC29 /* Release */,
			);
			defaultConfigurationIsVisible = 0;
			defaultConfigurationName = Release;
		};
		2111202B1E81C96900E7DC29 /* Build configuration list for PBXNativeTarget "MZSelectorViewUITests" */ = {
			isa = XCConfigurationList;
			buildConfigurations = (
				2111202C1E81C96900E7DC29 /* Debug */,
				2111202D1E81C96900E7DC29 /* Release */,
			);
			defaultConfigurationIsVisible = 0;
			defaultConfigurationName = Release;
		};
/* End XCConfigurationList section */
	};
	rootObject = 21111FF01E81C96800E7DC29 /* Project object */;
}
